// !$*UTF8*$!
{
	archiveVersion = 1;
	classes = {
	};
	objectVersion = 46;
	objects = {

/* Begin PBXBuildFile section */
		045AF9B61D787DD50054C25B /* NSArray+CZAddition.m in Sources */ = {isa = PBXBuildFile; fileRef = 045AF99C1D787DD50054C25B /* NSArray+CZAddition.m */; };
		045AF9B71D787DD50054C25B /* NSArray+Log.m in Sources */ = {isa = PBXBuildFile; fileRef = 045AF99E1D787DD50054C25B /* NSArray+Log.m */; };
		045AF9B81D787DD50054C25B /* NSAttributedString+CZAdditon.m in Sources */ = {isa = PBXBuildFile; fileRef = 045AF9A01D787DD50054C25B /* NSAttributedString+CZAdditon.m */; };
		045AF9B91D787DD50054C25B /* NSObject+CZAddition.m in Sources */ = {isa = PBXBuildFile; fileRef = 045AF9A21D787DD50054C25B /* NSObject+CZAddition.m */; };
		045AF9BA1D787DD50054C25B /* UIButton+CZAddition.m in Sources */ = {isa = PBXBuildFile; fileRef = 045AF9A41D787DD50054C25B /* UIButton+CZAddition.m */; };
		045AF9BB1D787DD50054C25B /* UIColor+CZAddition.m in Sources */ = {isa = PBXBuildFile; fileRef = 045AF9A61D787DD50054C25B /* UIColor+CZAddition.m */; };
		045AF9BC1D787DD50054C25B /* UILabel+CZAddition.m in Sources */ = {isa = PBXBuildFile; fileRef = 045AF9A81D787DD50054C25B /* UILabel+CZAddition.m */; };
		045AF9BD1D787DD50054C25B /* UIScreen+CZAddition.m in Sources */ = {isa = PBXBuildFile; fileRef = 045AF9AA1D787DD50054C25B /* UIScreen+CZAddition.m */; };
		045AF9BE1D787DD50054C25B /* UIView+CZAddition.m in Sources */ = {isa = PBXBuildFile; fileRef = 045AF9AC1D787DD50054C25B /* UIView+CZAddition.m */; };
		045AF9BF1D787DD50054C25B /* UIViewController+CZAddition.m in Sources */ = {isa = PBXBuildFile; fileRef = 045AF9AE1D787DD50054C25B /* UIViewController+CZAddition.m */; };
		045AF9C01D787DD50054C25B /* MTBaseControl.m in Sources */ = {isa = PBXBuildFile; fileRef = 045AF9B11D787DD50054C25B /* MTBaseControl.m */; };
		045AF9C11D787DD50054C25B /* MTBaseView.m in Sources */ = {isa = PBXBuildFile; fileRef = 045AF9B31D787DD50054C25B /* MTBaseView.m */; };
		045AF9C21D787DD50054C25B /* MTBaseViewController.m in Sources */ = {isa = PBXBuildFile; fileRef = 045AF9B51D787DD50054C25B /* MTBaseViewController.m */; };
		045AF9C51D787E6B0054C25B /* MTShopViewController.m in Sources */ = {isa = PBXBuildFile; fileRef = 045AF9C41D787E6B0054C25B /* MTShopViewController.m */; };
		0472D15F1D77C16900621175 /* main.m in Sources */ = {isa = PBXBuildFile; fileRef = 0472D15E1D77C16900621175 /* main.m */; };
		0472D1621D77C16900621175 /* AppDelegate.m in Sources */ = {isa = PBXBuildFile; fileRef = 0472D1611D77C16900621175 /* AppDelegate.m */; };
		0472D1651D77C16900621175 /* ViewController.m in Sources */ = {isa = PBXBuildFile; fileRef = 0472D1641D77C16900621175 /* ViewController.m */; };
		0472D16A1D77C16900621175 /* Assets.xcassets in Resources */ = {isa = PBXBuildFile; fileRef = 0472D1691D77C16900621175 /* Assets.xcassets */; };
		0472D16D1D77C16900621175 /* LaunchScreen.storyboard in Resources */ = {isa = PBXBuildFile; fileRef = 0472D16B1D77C16900621175 /* LaunchScreen.storyboard */; };
		EB05969EFDA135D745FD77AB /* libPods-WTM.a in Frameworks */ = {isa = PBXBuildFile; fileRef = 717C0E5767A8243C698DAE72 /* libPods-WTM.a */; };
/* End PBXBuildFile section */

/* Begin PBXFileReference section */
		045AF99A1D787DD50054C25B /* CZAdditions.h */ = {isa = PBXFileReference; fileEncoding = 4; lastKnownFileType = sourcecode.c.h; path = CZAdditions.h; sourceTree = "<group>"; };
		045AF99B1D787DD50054C25B /* NSArray+CZAddition.h */ = {isa = PBXFileReference; fileEncoding = 4; lastKnownFileType = sourcecode.c.h; path = "NSArray+CZAddition.h"; sourceTree = "<group>"; };
		045AF99C1D787DD50054C25B /* NSArray+CZAddition.m */ = {isa = PBXFileReference; fileEncoding = 4; lastKnownFileType = sourcecode.c.objc; path = "NSArray+CZAddition.m"; sourceTree = "<group>"; };
		045AF99D1D787DD50054C25B /* NSArray+Log.h */ = {isa = PBXFileReference; fileEncoding = 4; lastKnownFileType = sourcecode.c.h; path = "NSArray+Log.h"; sourceTree = "<group>"; };
		045AF99E1D787DD50054C25B /* NSArray+Log.m */ = {isa = PBXFileReference; fileEncoding = 4; lastKnownFileType = sourcecode.c.objc; path = "NSArray+Log.m"; sourceTree = "<group>"; };
		045AF99F1D787DD50054C25B /* NSAttributedString+CZAdditon.h */ = {isa = PBXFileReference; fileEncoding = 4; lastKnownFileType = sourcecode.c.h; path = "NSAttributedString+CZAdditon.h"; sourceTree = "<group>"; };
		045AF9A01D787DD50054C25B /* NSAttributedString+CZAdditon.m */ = {isa = PBXFileReference; fileEncoding = 4; lastKnownFileType = sourcecode.c.objc; path = "NSAttributedString+CZAdditon.m"; sourceTree = "<group>"; };
		045AF9A11D787DD50054C25B /* NSObject+CZAddition.h */ = {isa = PBXFileReference; fileEncoding = 4; lastKnownFileType = sourcecode.c.h; path = "NSObject+CZAddition.h"; sourceTree = "<group>"; };
		045AF9A21D787DD50054C25B /* NSObject+CZAddition.m */ = {isa = PBXFileReference; fileEncoding = 4; lastKnownFileType = sourcecode.c.objc; path = "NSObject+CZAddition.m"; sourceTree = "<group>"; };
		045AF9A31D787DD50054C25B /* UIButton+CZAddition.h */ = {isa = PBXFileReference; fileEncoding = 4; lastKnownFileType = sourcecode.c.h; path = "UIButton+CZAddition.h"; sourceTree = "<group>"; };
		045AF9A41D787DD50054C25B /* UIButton+CZAddition.m */ = {isa = PBXFileReference; fileEncoding = 4; lastKnownFileType = sourcecode.c.objc; path = "UIButton+CZAddition.m"; sourceTree = "<group>"; };
		045AF9A51D787DD50054C25B /* UIColor+CZAddition.h */ = {isa = PBXFileReference; fileEncoding = 4; lastKnownFileType = sourcecode.c.h; path = "UIColor+CZAddition.h"; sourceTree = "<group>"; };
		045AF9A61D787DD50054C25B /* UIColor+CZAddition.m */ = {isa = PBXFileReference; fileEncoding = 4; lastKnownFileType = sourcecode.c.objc; path = "UIColor+CZAddition.m"; sourceTree = "<group>"; };
		045AF9A71D787DD50054C25B /* UILabel+CZAddition.h */ = {isa = PBXFileReference; fileEncoding = 4; lastKnownFileType = sourcecode.c.h; path = "UILabel+CZAddition.h"; sourceTree = "<group>"; };
		045AF9A81D787DD50054C25B /* UILabel+CZAddition.m */ = {isa = PBXFileReference; fileEncoding = 4; lastKnownFileType = sourcecode.c.objc; path = "UILabel+CZAddition.m"; sourceTree = "<group>"; };
		045AF9A91D787DD50054C25B /* UIScreen+CZAddition.h */ = {isa = PBXFileReference; fileEncoding = 4; lastKnownFileType = sourcecode.c.h; path = "UIScreen+CZAddition.h"; sourceTree = "<group>"; };
		045AF9AA1D787DD50054C25B /* UIScreen+CZAddition.m */ = {isa = PBXFileReference; fileEncoding = 4; lastKnownFileType = sourcecode.c.objc; path = "UIScreen+CZAddition.m"; sourceTree = "<group>"; };
		045AF9AB1D787DD50054C25B /* UIView+CZAddition.h */ = {isa = PBXFileReference; fileEncoding = 4; lastKnownFileType = sourcecode.c.h; path = "UIView+CZAddition.h"; sourceTree = "<group>"; };
		045AF9AC1D787DD50054C25B /* UIView+CZAddition.m */ = {isa = PBXFileReference; fileEncoding = 4; lastKnownFileType = sourcecode.c.objc; path = "UIView+CZAddition.m"; sourceTree = "<group>"; };
		045AF9AD1D787DD50054C25B /* UIViewController+CZAddition.h */ = {isa = PBXFileReference; fileEncoding = 4; lastKnownFileType = sourcecode.c.h; path = "UIViewController+CZAddition.h"; sourceTree = "<group>"; };
		045AF9AE1D787DD50054C25B /* UIViewController+CZAddition.m */ = {isa = PBXFileReference; fileEncoding = 4; lastKnownFileType = sourcecode.c.objc; path = "UIViewController+CZAddition.m"; sourceTree = "<group>"; };
		045AF9B01D787DD50054C25B /* MTBaseControl.h */ = {isa = PBXFileReference; fileEncoding = 4; lastKnownFileType = sourcecode.c.h; path = MTBaseControl.h; sourceTree = "<group>"; };
		045AF9B11D787DD50054C25B /* MTBaseControl.m */ = {isa = PBXFileReference; fileEncoding = 4; lastKnownFileType = sourcecode.c.objc; path = MTBaseControl.m; sourceTree = "<group>"; };
		045AF9B21D787DD50054C25B /* MTBaseView.h */ = {isa = PBXFileReference; fileEncoding = 4; lastKnownFileType = sourcecode.c.h; path = MTBaseView.h; sourceTree = "<group>"; };
		045AF9B31D787DD50054C25B /* MTBaseView.m */ = {isa = PBXFileReference; fileEncoding = 4; lastKnownFileType = sourcecode.c.objc; path = MTBaseView.m; sourceTree = "<group>"; };
		045AF9B41D787DD50054C25B /* MTBaseViewController.h */ = {isa = PBXFileReference; fileEncoding = 4; lastKnownFileType = sourcecode.c.h; path = MTBaseViewController.h; sourceTree = "<group>"; };
		045AF9B51D787DD50054C25B /* MTBaseViewController.m */ = {isa = PBXFileReference; fileEncoding = 4; lastKnownFileType = sourcecode.c.objc; path = MTBaseViewController.m; sourceTree = "<group>"; };
		045AF9C31D787E6B0054C25B /* MTShopViewController.h */ = {isa = PBXFileReference; fileEncoding = 4; lastKnownFileType = sourcecode.c.h; path = MTShopViewController.h; sourceTree = "<group>"; };
		045AF9C41D787E6B0054C25B /* MTShopViewController.m */ = {isa = PBXFileReference; fileEncoding = 4; lastKnownFileType = sourcecode.c.objc; path = MTShopViewController.m; sourceTree = "<group>"; };
		0472D15A1D77C16900621175 /* WTM.app */ = {isa = PBXFileReference; explicitFileType = wrapper.application; includeInIndex = 0; path = WTM.app; sourceTree = BUILT_PRODUCTS_DIR; };
		0472D15E1D77C16900621175 /* main.m */ = {isa = PBXFileReference; lastKnownFileType = sourcecode.c.objc; path = main.m; sourceTree = "<group>"; };
		0472D1601D77C16900621175 /* AppDelegate.h */ = {isa = PBXFileReference; lastKnownFileType = sourcecode.c.h; path = AppDelegate.h; sourceTree = "<group>"; };
		0472D1611D77C16900621175 /* AppDelegate.m */ = {isa = PBXFileReference; lastKnownFileType = sourcecode.c.objc; path = AppDelegate.m; sourceTree = "<group>"; };
		0472D1631D77C16900621175 /* ViewController.h */ = {isa = PBXFileReference; lastKnownFileType = sourcecode.c.h; path = ViewController.h; sourceTree = "<group>"; };
		0472D1641D77C16900621175 /* ViewController.m */ = {isa = PBXFileReference; lastKnownFileType = sourcecode.c.objc; path = ViewController.m; sourceTree = "<group>"; };
		0472D1691D77C16900621175 /* Assets.xcassets */ = {isa = PBXFileReference; lastKnownFileType = folder.assetcatalog; path = Assets.xcassets; sourceTree = "<group>"; };
		0472D16C1D77C16900621175 /* Base */ = {isa = PBXFileReference; lastKnownFileType = file.storyboard; name = Base; path = Base.lproj/LaunchScreen.storyboard; sourceTree = "<group>"; };
		0472D16E1D77C16900621175 /* Info.plist */ = {isa = PBXFileReference; lastKnownFileType = text.plist.xml; path = Info.plist; sourceTree = "<group>"; };
		0472D1741D77C4C500621175 /* PrefixHeader.pch */ = {isa = PBXFileReference; lastKnownFileType = sourcecode.c.h; path = PrefixHeader.pch; sourceTree = "<group>"; };
		34E8226533C10DE46A3C34A3 /* Pods-WTM.release.xcconfig */ = {isa = PBXFileReference; includeInIndex = 1; lastKnownFileType = text.xcconfig; name = "Pods-WTM.release.xcconfig"; path = "Pods/Target Support Files/Pods-WTM/Pods-WTM.release.xcconfig"; sourceTree = "<group>"; };
		717C0E5767A8243C698DAE72 /* libPods-WTM.a */ = {isa = PBXFileReference; explicitFileType = archive.ar; includeInIndex = 0; path = "libPods-WTM.a"; sourceTree = BUILT_PRODUCTS_DIR; };
		F70931464E8B3A3326E68A47 /* Pods-WTM.debug.xcconfig */ = {isa = PBXFileReference; includeInIndex = 1; lastKnownFileType = text.xcconfig; name = "Pods-WTM.debug.xcconfig"; path = "Pods/Target Support Files/Pods-WTM/Pods-WTM.debug.xcconfig"; sourceTree = "<group>"; };
/* End PBXFileReference section */

/* Begin PBXFrameworksBuildPhase section */
		0472D1571D77C16900621175 /* Frameworks */ = {
			isa = PBXFrameworksBuildPhase;
			buildActionMask = 2147483647;
			files = (
				EB05969EFDA135D745FD77AB /* libPods-WTM.a in Frameworks */,
			);
			runOnlyForDeploymentPostprocessing = 0;
		};
/* End PBXFrameworksBuildPhase section */

/* Begin PBXGroup section */
		045AF9981D787DD50054C25B /* Tools */ = {
			isa = PBXGroup;
			children = (
				045AF9991D787DD50054C25B /* Additions */,
				045AF9AF1D787DD50054C25B /* Base */,
			);
			path = Tools;
			sourceTree = "<group>";
		};
		045AF9991D787DD50054C25B /* Additions */ = {
			isa = PBXGroup;
			children = (
				045AF99A1D787DD50054C25B /* CZAdditions.h */,
				045AF99B1D787DD50054C25B /* NSArray+CZAddition.h */,
				045AF99C1D787DD50054C25B /* NSArray+CZAddition.m */,
				045AF99D1D787DD50054C25B /* NSArray+Log.h */,
				045AF99E1D787DD50054C25B /* NSArray+Log.m */,
				045AF99F1D787DD50054C25B /* NSAttributedString+CZAdditon.h */,
				045AF9A01D787DD50054C25B /* NSAttributedString+CZAdditon.m */,
				045AF9A11D787DD50054C25B /* NSObject+CZAddition.h */,
				045AF9A21D787DD50054C25B /* NSObject+CZAddition.m */,
				045AF9A31D787DD50054C25B /* UIButton+CZAddition.h */,
				045AF9A41D787DD50054C25B /* UIButton+CZAddition.m */,
				045AF9A51D787DD50054C25B /* UIColor+CZAddition.h */,
				045AF9A61D787DD50054C25B /* UIColor+CZAddition.m */,
				045AF9A71D787DD50054C25B /* UILabel+CZAddition.h */,
				045AF9A81D787DD50054C25B /* UILabel+CZAddition.m */,
				045AF9A91D787DD50054C25B /* UIScreen+CZAddition.h */,
				045AF9AA1D787DD50054C25B /* UIScreen+CZAddition.m */,
				045AF9AB1D787DD50054C25B /* UIView+CZAddition.h */,
				045AF9AC1D787DD50054C25B /* UIView+CZAddition.m */,
				045AF9AD1D787DD50054C25B /* UIViewController+CZAddition.h */,
				045AF9AE1D787DD50054C25B /* UIViewController+CZAddition.m */,
			);
			path = Additions;
			sourceTree = "<group>";
		};
		045AF9AF1D787DD50054C25B /* Base */ = {
			isa = PBXGroup;
			children = (
				045AF9B01D787DD50054C25B /* MTBaseControl.h */,
				045AF9B11D787DD50054C25B /* MTBaseControl.m */,
				045AF9B21D787DD50054C25B /* MTBaseView.h */,
				045AF9B31D787DD50054C25B /* MTBaseView.m */,
				045AF9B41D787DD50054C25B /* MTBaseViewController.h */,
				045AF9B51D787DD50054C25B /* MTBaseViewController.m */,
			);
			path = Base;
			sourceTree = "<group>";
		};
		0472D1511D77C16900621175 = {
			isa = PBXGroup;
			children = (
				0472D15C1D77C16900621175 /* WTM */,
				0472D15B1D77C16900621175 /* Products */,
				8C60DEEB6E00B838D0093FA7 /* Pods */,
				68F21536EE7D8180A2829576 /* Frameworks */,
			);
			sourceTree = "<group>";
		};
		0472D15B1D77C16900621175 /* Products */ = {
			isa = PBXGroup;
			children = (
				0472D15A1D77C16900621175 /* WTM.app */,
			);
			name = Products;
			sourceTree = "<group>";
		};
		0472D15C1D77C16900621175 /* WTM */ = {
			isa = PBXGroup;
			children = (
				045AF9981D787DD50054C25B /* Tools */,
				0472D1601D77C16900621175 /* AppDelegate.h */,
				0472D1611D77C16900621175 /* AppDelegate.m */,
				0472D1631D77C16900621175 /* ViewController.h */,
				0472D1641D77C16900621175 /* ViewController.m */,
				0472D1691D77C16900621175 /* Assets.xcassets */,
				0472D16B1D77C16900621175 /* LaunchScreen.storyboard */,
				0472D16E1D77C16900621175 /* Info.plist */,
				0472D15D1D77C16900621175 /* Supporting Files */,
				0472D1741D77C4C500621175 /* PrefixHeader.pch */,
				045AF9C31D787E6B0054C25B /* MTShopViewController.h */,
				045AF9C41D787E6B0054C25B /* MTShopViewController.m */,
			);
			path = WTM;
			sourceTree = "<group>";
		};
		0472D15D1D77C16900621175 /* Supporting Files */ = {
			isa = PBXGroup;
			children = (
				0472D15E1D77C16900621175 /* main.m */,
			);
			name = "Supporting Files";
			sourceTree = "<group>";
		};
		68F21536EE7D8180A2829576 /* Frameworks */ = {
			isa = PBXGroup;
			children = (
				717C0E5767A8243C698DAE72 /* libPods-WTM.a */,
			);
			name = Frameworks;
			sourceTree = "<group>";
		};
		8C60DEEB6E00B838D0093FA7 /* Pods */ = {
			isa = PBXGroup;
			children = (
				F70931464E8B3A3326E68A47 /* Pods-WTM.debug.xcconfig */,
				34E8226533C10DE46A3C34A3 /* Pods-WTM.release.xcconfig */,
			);
			name = Pods;
			sourceTree = "<group>";
		};
/* End PBXGroup section */

/* Begin PBXNativeTarget section */
		0472D1591D77C16900621175 /* WTM */ = {
			isa = PBXNativeTarget;
			buildConfigurationList = 0472D1711D77C16900621175 /* Build configuration list for PBXNativeTarget "WTM" */;
			buildPhases = (
				995468315FE61F0EE148CCCE /* [CP] Check Pods Manifest.lock */,
				0472D1561D77C16900621175 /* Sources */,
				0472D1571D77C16900621175 /* Frameworks */,
				0472D1581D77C16900621175 /* Resources */,
				86408E6FB1B62AE8B0976144 /* [CP] Embed Pods Frameworks */,
				23544B188B158B9056BC7959 /* [CP] Copy Pods Resources */,
			);
			buildRules = (
			);
			dependencies = (
			);
			name = WTM;
			productName = WTM;
			productReference = 0472D15A1D77C16900621175 /* WTM.app */;
			productType = "com.apple.product-type.application";
		};
/* End PBXNativeTarget section */

/* Begin PBXProject section */
		0472D1521D77C16900621175 /* Project object */ = {
			isa = PBXProject;
			attributes = {
				CLASSPREFIX = MT;
				LastUpgradeCheck = 0720;
				ORGANIZATIONNAME = mac;
				TargetAttributes = {
					0472D1591D77C16900621175 = {
						CreatedOnToolsVersion = 7.2;
					};
				};
			};
			buildConfigurationList = 0472D1551D77C16900621175 /* Build configuration list for PBXProject "WTM" */;
			compatibilityVersion = "Xcode 3.2";
			developmentRegion = English;
			hasScannedForEncodings = 0;
			knownRegions = (
				en,
				Base,
			);
			mainGroup = 0472D1511D77C16900621175;
			productRefGroup = 0472D15B1D77C16900621175 /* Products */;
			projectDirPath = "";
			projectRoot = "";
			targets = (
				0472D1591D77C16900621175 /* WTM */,
			);
		};
/* End PBXProject section */

/* Begin PBXResourcesBuildPhase section */
		0472D1581D77C16900621175 /* Resources */ = {
			isa = PBXResourcesBuildPhase;
			buildActionMask = 2147483647;
			files = (
				0472D16D1D77C16900621175 /* LaunchScreen.storyboard in Resources */,
				0472D16A1D77C16900621175 /* Assets.xcassets in Resources */,
			);
			runOnlyForDeploymentPostprocessing = 0;
		};
/* End PBXResourcesBuildPhase section */

/* Begin PBXShellScriptBuildPhase section */
		23544B188B158B9056BC7959 /* [CP] Copy Pods Resources */ = {
			isa = PBXShellScriptBuildPhase;
			buildActionMask = 2147483647;
			files = (
			);
			inputPaths = (
			);
			name = "[CP] Copy Pods Resources";
			outputPaths = (
			);
			runOnlyForDeploymentPostprocessing = 0;
			shellPath = /bin/sh;
			shellScript = "\"${SRCROOT}/Pods/Target Support Files/Pods-WTM/Pods-WTM-resources.sh\"\n";
			showEnvVarsInLog = 0;
		};
		86408E6FB1B62AE8B0976144 /* [CP] Embed Pods Frameworks */ = {
			isa = PBXShellScriptBuildPhase;
			buildActionMask = 2147483647;
			files = (
			);
			inputPaths = (
			);
			name = "[CP] Embed Pods Frameworks";
			outputPaths = (
			);
			runOnlyForDeploymentPostprocessing = 0;
			shellPath = /bin/sh;
			shellScript = "\"${SRCROOT}/Pods/Target Support Files/Pods-WTM/Pods-WTM-frameworks.sh\"\n";
			showEnvVarsInLog = 0;
		};
		995468315FE61F0EE148CCCE /* [CP] Check Pods Manifest.lock */ = {
			isa = PBXShellScriptBuildPhase;
			buildActionMask = 2147483647;
			files = (
			);
			inputPaths = (
			);
			name = "[CP] Check Pods Manifest.lock";
			outputPaths = (
			);
			runOnlyForDeploymentPostprocessing = 0;
			shellPath = /bin/sh;
			shellScript = "diff \"${PODS_ROOT}/../Podfile.lock\" \"${PODS_ROOT}/Manifest.lock\" > /dev/null\nif [[ $? != 0 ]] ; then\n    cat << EOM\nerror: The sandbox is not in sync with the Podfile.lock. Run 'pod install' or update your CocoaPods installation.\nEOM\n    exit 1\nfi\n";
			showEnvVarsInLog = 0;
		};
/* End PBXShellScriptBuildPhase section */

/* Begin PBXSourcesBuildPhase section */
		0472D1561D77C16900621175 /* Sources */ = {
			isa = PBXSourcesBuildPhase;
			buildActionMask = 2147483647;
			files = (
				045AF9BF1D787DD50054C25B /* UIViewController+CZAddition.m in Sources */,
				045AF9C01D787DD50054C25B /* MTBaseControl.m in Sources */,
				045AF9C51D787E6B0054C25B /* MTShopViewController.m in Sources */,
				045AF9B71D787DD50054C25B /* NSArray+Log.m in Sources */,
				045AF9C11D787DD50054C25B /* MTBaseView.m in Sources */,
				0472D1651D77C16900621175 /* ViewController.m in Sources */,
				045AF9BD1D787DD50054C25B /* UIScreen+CZAddition.m in Sources */,
				045AF9BE1D787DD50054C25B /* UIView+CZAddition.m in Sources */,
				045AF9B81D787DD50054C25B /* NSAttributedString+CZAdditon.m in Sources */,
				0472D1621D77C16900621175 /* AppDelegate.m in Sources */,
				045AF9B91D787DD50054C25B /* NSObject+CZAddition.m in Sources */,
				0472D15F1D77C16900621175 /* main.m in Sources */,
				045AF9BA1D787DD50054C25B /* UIButton+CZAddition.m in Sources */,
				045AF9C21D787DD50054C25B /* MTBaseViewController.m in Sources */,
				045AF9BC1D787DD50054C25B /* UILabel+CZAddition.m in Sources */,
				045AF9B61D787DD50054C25B /* NSArray+CZAddition.m in Sources */,
				045AF9BB1D787DD50054C25B /* UIColor+CZAddition.m in Sources */,
			);
			runOnlyForDeploymentPostprocessing = 0;
		};
/* End PBXSourcesBuildPhase section */

/* Begin PBXVariantGroup section */
		0472D16B1D77C16900621175 /* LaunchScreen.storyboard */ = {
			isa = PBXVariantGroup;
			children = (
				0472D16C1D77C16900621175 /* Base */,
			);
			name = LaunchScreen.storyboard;
			sourceTree = "<group>";
		};
/* End PBXVariantGroup section */

/* Begin XCBuildConfiguration section */
		0472D16F1D77C16900621175 /* Debug */ = {
			isa = XCBuildConfiguration;
			buildSettings = {
				ALWAYS_SEARCH_USER_PATHS = NO;
				CLANG_CXX_LANGUAGE_STANDARD = "gnu++0x";
				CLANG_CXX_LIBRARY = "libc++";
				CLANG_ENABLE_MODULES = YES;
				CLANG_ENABLE_OBJC_ARC = YES;
				CLANG_WARN_BOOL_CONVERSION = YES;
				CLANG_WARN_CONSTANT_CONVERSION = YES;
				CLANG_WARN_DIRECT_OBJC_ISA_USAGE = YES_ERROR;
				CLANG_WARN_EMPTY_BODY = YES;
				CLANG_WARN_ENUM_CONVERSION = YES;
				CLANG_WARN_INT_CONVERSION = YES;
				CLANG_WARN_OBJC_ROOT_CLASS = YES_ERROR;
				CLANG_WARN_UNREACHABLE_CODE = YES;
				CLANG_WARN__DUPLICATE_METHOD_MATCH = YES;
				"CODE_SIGN_IDENTITY[sdk=iphoneos*]" = "iPhone Developer";
				COPY_PHASE_STRIP = NO;
				DEBUG_INFORMATION_FORMAT = dwarf;
				ENABLE_STRICT_OBJC_MSGSEND = YES;
				ENABLE_TESTABILITY = YES;
				GCC_C_LANGUAGE_STANDARD = gnu99;
				GCC_DYNAMIC_NO_PIC = NO;
				GCC_NO_COMMON_BLOCKS = YES;
				GCC_OPTIMIZATION_LEVEL = 0;
				GCC_PREPROCESSOR_DEFINITIONS = (
					"DEBUG=1",
					"$(inherited)",
				);
				GCC_WARN_64_TO_32_BIT_CONVERSION = YES;
				GCC_WARN_ABOUT_RETURN_TYPE = YES_ERROR;
				GCC_WARN_UNDECLARED_SELECTOR = YES;
				GCC_WARN_UNINITIALIZED_AUTOS = YES_AGGRESSIVE;
				GCC_WARN_UNUSED_FUNCTION = YES;
				GCC_WARN_UNUSED_VARIABLE = YES;
				IPHONEOS_DEPLOYMENT_TARGET = 9.2;
				MTL_ENABLE_DEBUG_INFO = YES;
				ONLY_ACTIVE_ARCH = YES;
				SDKROOT = iphoneos;
				TARGETED_DEVICE_FAMILY = "1,2";
			};
			name = Debug;
		};
		0472D1701D77C16900621175 /* Release */ = {
			isa = XCBuildConfiguration;
			buildSettings = {
				ALWAYS_SEARCH_USER_PATHS = NO;
				CLANG_CXX_LANGUAGE_STANDARD = "gnu++0x";
				CLANG_CXX_LIBRARY = "libc++";
				CLANG_ENABLE_MODULES = YES;
				CLANG_ENABLE_OBJC_ARC = YES;
				CLANG_WARN_BOOL_CONVERSION = YES;
				CLANG_WARN_CONSTANT_CONVERSION = YES;
				CLANG_WARN_DIRECT_OBJC_ISA_USAGE = YES_ERROR;
				CLANG_WARN_EMPTY_BODY = YES;
				CLANG_WARN_ENUM_CONVERSION = YES;
				CLANG_WARN_INT_CONVERSION = YES;
				CLANG_WARN_OBJC_ROOT_CLASS = YES_ERROR;
				CLANG_WARN_UNREACHABLE_CODE = YES;
				CLANG_WARN__DUPLICATE_METHOD_MATCH = YES;
				"CODE_SIGN_IDENTITY[sdk=iphoneos*]" = "iPhone Developer";
				COPY_PHASE_STRIP = NO;
				DEBUG_INFORMATION_FORMAT = "dwarf-with-dsym";
				ENABLE_NS_ASSERTIONS = NO;
				ENABLE_STRICT_OBJC_MSGSEND = YES;
				GCC_C_LANGUAGE_STANDARD = gnu99;
				GCC_NO_COMMON_BLOCKS = YES;
				GCC_WARN_64_TO_32_BIT_CONVERSION = YES;
				GCC_WARN_ABOUT_RETURN_TYPE = YES_ERROR;
				GCC_WARN_UNDECLARED_SELECTOR = YES;
				GCC_WARN_UNINITIALIZED_AUTOS = YES_AGGRESSIVE;
				GCC_WARN_UNUSED_FUNCTION = YES;
				GCC_WARN_UNUSED_VARIABLE = YES;
				IPHONEOS_DEPLOYMENT_TARGET = 9.2;
				MTL_ENABLE_DEBUG_INFO = NO;
				SDKROOT = iphoneos;
				TARGETED_DEVICE_FAMILY = "1,2";
				VALIDATE_PRODUCT = YES;
			};
			name = Release;
		};
		0472D1721D77C16900621175 /* Debug */ = {
			isa = XCBuildConfiguration;
			baseConfigurationReference = F70931464E8B3A3326E68A47 /* Pods-WTM.debug.xcconfig */;
			buildSettings = {
				ASSETCATALOG_COMPILER_APPICON_NAME = AppIcon;
				ASSETCATALOG_COMPILER_LAUNCHIMAGE_NAME = "Brand Assets";
				GCC_PRECOMPILE_PREFIX_HEADER = YES;
				GCC_PREFIX_HEADER = "$(SRCROOT)/WTM/PrefixHeader.pch";
				INFOPLIST_FILE = WTM/Info.plist;
				IPHONEOS_DEPLOYMENT_TARGET = 8.0;
				LD_RUNPATH_SEARCH_PATHS = "$(inherited) @executable_path/Frameworks";
				PRODUCT_BUNDLE_IDENTIFIER = cn.sxilgoo.www.WTM;
				PRODUCT_NAME = "$(TARGET_NAME)";
			};
			name = Debug;
		};
		0472D1731D77C16900621175 /* Release */ = {
			isa = XCBuildConfiguration;
			baseConfigurationReference = 34E8226533C10DE46A3C34A3 /* Pods-WTM.release.xcconfig */;
			buildSettings = {
				ASSETCATALOG_COMPILER_APPICON_NAME = AppIcon;
				ASSETCATALOG_COMPILER_LAUNCHIMAGE_NAME = "Brand Assets";
				GCC_PRECOMPILE_PREFIX_HEADER = YES;
				GCC_PREFIX_HEADER = "$(SRCROOT)/WTM/PrefixHeader.pch";
				INFOPLIST_FILE = WTM/Info.plist;
				IPHONEOS_DEPLOYMENT_TARGET = 8.0;
				LD_RUNPATH_SEARCH_PATHS = "$(inherited) @executable_path/Frameworks";
				PRODUCT_BUNDLE_IDENTIFIER = cn.sxilgoo.www.WTM;
				PRODUCT_NAME = "$(TARGET_NAME)";
			};
			name = Release;
		};
/* End XCBuildConfiguration section */

/* Begin XCConfigurationList section */
		0472D1551D77C16900621175 /* Build configuration list for PBXProject "WTM" */ = {
			isa = XCConfigurationList;
			buildConfigurations = (
				0472D16F1D77C16900621175 /* Debug */,
				0472D1701D77C16900621175 /* Release */,
			);
			defaultConfigurationIsVisible = 0;
			defaultConfigurationName = Release;
		};
		0472D1711D77C16900621175 /* Build configuration list for PBXNativeTarget "WTM" */ = {
			isa = XCConfigurationList;
			buildConfigurations = (
				0472D1721D77C16900621175 /* Debug */,
				0472D1731D77C16900621175 /* Release */,
			);
			defaultConfigurationIsVisible = 0;
			defaultConfigurationName = Release;
		};
/* End XCConfigurationList section */
	};
	rootObject = 0472D1521D77C16900621175 /* Project object */;
}
